
Microsoft Visual Studio Solution File, Format Version 12.00
# Visual Studio Version 17
VisualStudioVersion = 17.5.002.0
MinimumVisualStudioVersion = 10.0.40219.1
Project("{9A19103F-16F7-4668-BE54-9A1E7A4F7556}") = "ielts_score", "ielts_score.csproj", "{6119FD32-11DC-436F-B1EF-96E01C5110E3}"
EndProject
Global
	GlobalSection(SolutionConfigurationPlatforms) = preSolution
		Debug|Any CPU = Debug|Any CPU
		Release|Any CPU = Release|Any CPU
	EndGlobalSection
	GlobalSection(ProjectConfigurationPlatforms) = postSolution
		{6119FD32-11DC-436F-B1EF-96E01C5110E3}.Debug|Any CPU.ActiveCfg = Debug|Any CPU
		{6119FD32-11DC-436F-B1EF-96E01C5110E3}.Debug|Any CPU.Build.0 = Debug|Any CPU
		{6119FD32-11DC-436F-B1EF-96E01C5110E3}.Release|Any CPU.ActiveCfg = Release|Any CPU
		{6119FD32-11DC-436F-B1EF-96E01C5110E3}.Release|Any CPU.Build.0 = Release|Any CPU
	EndGlobalSection
	GlobalSection(SolutionProperties) = preSolution
		HideSolutionNode = FALSE
	EndGlobalSection
	GlobalSection(ExtensibilityGlobals) = postSolution
		SolutionGuid = {332AF262-CA46-4BAE-BF67-256E6BDADCCB}
	EndGlobalSection
EndGlobal
